
Microsoft Visual Studio Solution File, Format Version 12.00
# Visual Studio Version 17
VisualStudioVersion = 17.5.33424.131
MinimumVisualStudioVersion = 10.0.40219.1
Project("{FAE04EC0-301F-11D3-BF4B-00C04F79EFBC}") = "ImpersonationTest", "ImpersonationTest\ImpersonationTest.csproj", "{A8A546BF-4386-495D-BC97-4CA405FBB1C8}"
EndProject
Global
	GlobalSection(SolutionConfigurationPlatforms) = preSolution
		Debug|Any CPU = Debug|Any CPU
		Release|Any CPU = Release|Any CPU
	EndGlobalSection
	GlobalSection(ProjectConfigurationPlatforms) = postSolution
		{A8A546BF-4386-495D-BC97-4CA405FBB1C8}.Debug|Any CPU.ActiveCfg = Debug|Any CPU
		{A8A546BF-4386-495D-BC97-4CA405FBB1C8}.Debug|Any CPU.Build.0 = Debug|Any CPU
		{A8A546BF-4386-495D-BC97-4CA405FBB1C8}.Release|Any CPU.ActiveCfg = Release|Any CPU
		{A8A546BF-4386-495D-BC97-4CA405FBB1C8}.Release|Any CPU.Build.0 = Release|Any CPU
	EndGlobalSection
	GlobalSection(SolutionProperties) = preSolution
		HideSolutionNode = FALSE
	EndGlobalSection
	GlobalSection(ExtensibilityGlobals) = postSolution
		SolutionGuid = {EB9595A0-1CC0-4D67-9039-06E704D6C689}
	EndGlobalSection
EndGlobal
